# This file is automatically @generated by Cargo.
# It is not intended for manual editing.
version = 3

[[package]]
name = "fork"
version = "0.1.21"
source = "registry+https://github.com/rust-lang/crates.io-index"
checksum = "eaf4b001d25ec51f755157ecffa208b342747ea9a4365df5438b12925c7f0056"
dependencies = [
 "libc",
]

[[package]]
name = "learn-forking"
version = "0.1.0"
dependencies = [
 "fork",
]

[[package]]
name = "libc"
version = "0.2.140"
source = "registry+https://github.com/rust-lang/crates.io-index"
checksum = "99227334921fae1a979cf0bfdfcc6b3e5ce376ef57e16fb6fb3ea2ed6095f80c"
